
Microsoft Visual Studio Solution File, Format Version 12.00
# Visual Studio Version 17
VisualStudioVersion = 17.13.35806.99 d17.13
MinimumVisualStudioVersion = 10.0.40219.1
Project("{FAE04EC0-301F-11D3-BF4B-00C04F79EFBC}") = "Debug_checkUpdate", "Debug_checkUpdate.csproj", "{B3C2CCD3-945F-4202-9E48-2F7DB702E899}"
EndProject
Global
	GlobalSection(SolutionConfigurationPlatforms) = preSolution
		Debug|Any CPU = Debug|Any CPU
		Release|Any CPU = Release|Any CPU
	EndGlobalSection
	GlobalSection(ProjectConfigurationPlatforms) = postSolution
		{B3C2CCD3-945F-4202-9E48-2F7DB702E899}.Debug|Any CPU.ActiveCfg = Debug|Any CPU
		{B3C2CCD3-945F-4202-9E48-2F7DB702E899}.Debug|Any CPU.Build.0 = Debug|Any CPU
		{B3C2CCD3-945F-4202-9E48-2F7DB702E899}.Release|Any CPU.ActiveCfg = Release|Any CPU
		{B3C2CCD3-945F-4202-9E48-2F7DB702E899}.Release|Any CPU.Build.0 = Release|Any CPU
	EndGlobalSection
	GlobalSection(SolutionProperties) = preSolution
		HideSolutionNode = FALSE
	EndGlobalSection
	GlobalSection(ExtensibilityGlobals) = postSolution
		SolutionGuid = {1DAE536F-CB73-4CE2-AA2D-F83FCB0AAC96}
	EndGlobalSection
EndGlobal
